
Microsoft Visual Studio Solution File, Format Version 12.00
# Visual Studio Version 17
VisualStudioVersion = 17.4.33122.133
MinimumVisualStudioVersion = 10.0.40219.1
Project("{FAE04EC0-301F-11D3-BF4B-00C04F79EFBC}") = "Tab", "Tab\Tab.csproj", "{C329F8C1-78A8-47ED-A334-4C209F31DDE2}"
EndProject
Global
	GlobalSection(SolutionConfigurationPlatforms) = preSolution
		Debug|Any CPU = Debug|Any CPU
		Release|Any CPU = Release|Any CPU
	EndGlobalSection
	GlobalSection(ProjectConfigurationPlatforms) = postSolution
		{C329F8C1-78A8-47ED-A334-4C209F31DDE2}.Debug|Any CPU.ActiveCfg = Debug|Any CPU
		{C329F8C1-78A8-47ED-A334-4C209F31DDE2}.Debug|Any CPU.Build.0 = Debug|Any CPU
		{C329F8C1-78A8-47ED-A334-4C209F31DDE2}.Release|Any CPU.ActiveCfg = Release|Any CPU
		{C329F8C1-78A8-47ED-A334-4C209F31DDE2}.Release|Any CPU.Build.0 = Release|Any CPU
	EndGlobalSection
	GlobalSection(SolutionProperties) = preSolution
		HideSolutionNode = FALSE
	EndGlobalSection
	GlobalSection(ExtensibilityGlobals) = postSolution
		SolutionGuid = {078442AC-0E4B-4289-AB14-30D406E97CBC}
	EndGlobalSection
EndGlobal
